
Microsoft Visual Studio Solution File, Format Version 12.00
# Visual Studio 15
VisualStudioVersion = 15.0.26430.12
MinimumVisualStudioVersion = 10.0.40219.1
Project("{FAE04EC0-301F-11D3-BF4B-00C04F79EFBC}") = "CostPriceCalculator", "CostPriceCalculator\CostPriceCalculator.csproj", "{2E96F8F2-BDC7-4528-B13B-2156236AE5AD}"
EndProject
Project("{FAE04EC0-301F-11D3-BF4B-00C04F79EFBC}") = "CostPriceTests", "CostPriceTests\CostPriceTests.csproj", "{5C2B5254-3688-4526-A375-D14CD76B2849}"
EndProject
Global
	GlobalSection(SolutionConfigurationPlatforms) = preSolution
		Debug|Any CPU = Debug|Any CPU
		Release|Any CPU = Release|Any CPU
	EndGlobalSection
	GlobalSection(ProjectConfigurationPlatforms) = postSolution
		{2E96F8F2-BDC7-4528-B13B-2156236AE5AD}.Debug|Any CPU.ActiveCfg = Debug|Any CPU
		{2E96F8F2-BDC7-4528-B13B-2156236AE5AD}.Debug|Any CPU.Build.0 = Debug|Any CPU
		{2E96F8F2-BDC7-4528-B13B-2156236AE5AD}.Release|Any CPU.ActiveCfg = Release|Any CPU
		{2E96F8F2-BDC7-4528-B13B-2156236AE5AD}.Release|Any CPU.Build.0 = Release|Any CPU
		{5C2B5254-3688-4526-A375-D14CD76B2849}.Debug|Any CPU.ActiveCfg = Debug|Any CPU
		{5C2B5254-3688-4526-A375-D14CD76B2849}.Debug|Any CPU.Build.0 = Debug|Any CPU
		{5C2B5254-3688-4526-A375-D14CD76B2849}.Release|Any CPU.ActiveCfg = Release|Any CPU
		{5C2B5254-3688-4526-A375-D14CD76B2849}.Release|Any CPU.Build.0 = Release|Any CPU
	EndGlobalSection
	GlobalSection(SolutionProperties) = preSolution
		HideSolutionNode = FALSE
	EndGlobalSection
EndGlobal
